
Microsoft Visual Studio Solution File, Format Version 12.00
# Visual Studio Version 16
VisualStudioVersion = 16.0.31702.278
MinimumVisualStudioVersion = 10.0.40219.1
Project("{FAE04EC0-301F-11D3-BF4B-00C04F79EFBC}") = "Mielte", "Mielte\Mielte.csproj", "{DE0746E3-FF58-49E1-ADDF-6C1E9363750C}"
EndProject
Global
	GlobalSection(SolutionConfigurationPlatforms) = preSolution
		Debug|Any CPU = Debug|Any CPU
		Release|Any CPU = Release|Any CPU
	EndGlobalSection
	GlobalSection(ProjectConfigurationPlatforms) = postSolution
		{DE0746E3-FF58-49E1-ADDF-6C1E9363750C}.Debug|Any CPU.ActiveCfg = Debug|Any CPU
		{DE0746E3-FF58-49E1-ADDF-6C1E9363750C}.Debug|Any CPU.Build.0 = Debug|Any CPU
		{DE0746E3-FF58-49E1-ADDF-6C1E9363750C}.Release|Any CPU.ActiveCfg = Release|Any CPU
		{DE0746E3-FF58-49E1-ADDF-6C1E9363750C}.Release|Any CPU.Build.0 = Release|Any CPU
	EndGlobalSection
	GlobalSection(SolutionProperties) = preSolution
		HideSolutionNode = FALSE
	EndGlobalSection
	GlobalSection(ExtensibilityGlobals) = postSolution
		SolutionGuid = {21CA3368-3678-46D0-A39A-A818F6F248B1}
	EndGlobalSection
EndGlobal
